
Microsoft Visual Studio Solution File, Format Version 12.00
# Visual Studio Version 17
VisualStudioVersion = 17.3.32825.248
MinimumVisualStudioVersion = 10.0.40219.1
Project("{FAE04EC0-301F-11D3-BF4B-00C04F79EFBC}") = "ExcelLikeProgram", "ExcelLikeProgram\ExcelLikeProgram.csproj", "{6C65C985-3377-4000-9EC9-AB1BDE7C0B32}"
EndProject
Global
	GlobalSection(SolutionConfigurationPlatforms) = preSolution
		Debug|Any CPU = Debug|Any CPU
		Release|Any CPU = Release|Any CPU
	EndGlobalSection
	GlobalSection(ProjectConfigurationPlatforms) = postSolution
		{6C65C985-3377-4000-9EC9-AB1BDE7C0B32}.Debug|Any CPU.ActiveCfg = Debug|Any CPU
		{6C65C985-3377-4000-9EC9-AB1BDE7C0B32}.Debug|Any CPU.Build.0 = Debug|Any CPU
		{6C65C985-3377-4000-9EC9-AB1BDE7C0B32}.Release|Any CPU.ActiveCfg = Release|Any CPU
		{6C65C985-3377-4000-9EC9-AB1BDE7C0B32}.Release|Any CPU.Build.0 = Release|Any CPU
	EndGlobalSection
	GlobalSection(SolutionProperties) = preSolution
		HideSolutionNode = FALSE
	EndGlobalSection
	GlobalSection(ExtensibilityGlobals) = postSolution
		SolutionGuid = {DDF39170-8F1A-4807-9301-79C189ADCB2F}
	EndGlobalSection
EndGlobal
